<?xml version="1.0" encoding="utf-8"?>
<Project ToolsVersion="4.0" xmlns="http://schemas.microsoft.com/developer/msbuild/2003">
  <ItemGroup>
    <Filter Include="Header Files">
      <UniqueIdentifier>{67DA6AB6-F800-4c08-8B7A-83BB121AAD01}</UniqueIdentifier>
      <Extensions>rc;ico;cur;bmp;dlg;rc2;rct;bin;rgs;gif;jpg;jpeg;jpe;resx;tiff;tif;png;wav;mfcribbon-ms</Extensions>
    </Filter>
    <Filter Include="Source Files">
      <UniqueIdentifier>{4FC737F1-C7A5-4376-A066-2A32D752A2FF}</UniqueIdentifier>
      <Extensions>cpp;c;cc;cxx;def;odl;idl;hpj;bat;asm;asmx</Extensions>
    </Filter>
  </ItemGroup>
  <ItemGroup>
    <ClCompile Include="..\..\dragonBones\animation\Animation.cpp">
      <Filter>Source Files</Filter>
    </ClCompile>
    <ClCompile Include="..\..\dragonBones\animation\AnimationState.cpp">
      <Filter>Source Files</Filter>
    </ClCompile>
    <ClCompile Include="..\..\dragonBones\animation\TimelineState.cpp">
      <Filter>Source Files</Filter>
    </ClCompile>
    <ClCompile Include="..\..\dragonBones\animation\WorldClock.cpp">
      <Filter>Source Files</Filter>
    </ClCompile>
    <ClCompile Include="..\..\dragonBones\armature\Armature.cpp">
      <Filter>Source Files</Filter>
    </ClCompile>
    <ClCompile Include="..\..\dragonBones\armature\Bone.cpp">
      <Filter>Source Files</Filter>
    </ClCompile>
    <ClCompile Include="..\..\dragonBones\armature\Slot.cpp">
      <Filter>Source Files</Filter>
    </ClCompile>
    <ClCompile Include="..\..\dragonBones\CCArmatureDisplay.cpp">
      <Filter>Source Files</Filter>
    </ClCompile>
    <ClCompile Include="..\..\dragonBones\CCFactory.cpp">
      <Filter>Source Files</Filter>
    </ClCompile>
    <ClCompile Include="..\..\dragonBones\CCSlot.cpp">
      <Filter>Source Files</Filter>
    </ClCompile>
    <ClCompile Include="..\..\dragonBones\CCTextureData.cpp">
      <Filter>Source Files</Filter>
    </ClCompile>
    <ClCompile Include="..\..\dragonBones\core\BaseObject.cpp">
      <Filter>Source Files</Filter>
    </ClCompile>
    <ClCompile Include="..\..\dragonBones\events\EventObject.cpp">
      <Filter>Source Files</Filter>
    </ClCompile>
    <ClCompile Include="..\..\dragonBones\factories\BaseFactory.cpp">
      <Filter>Source Files</Filter>
    </ClCompile>
    <ClCompile Include="..\..\dragonBones\model\AnimationData.cpp">
      <Filter>Source Files</Filter>
    </ClCompile>
    <ClCompile Include="..\..\dragonBones\model\ArmatureData.cpp">
      <Filter>Source Files</Filter>
    </ClCompile>
    <ClCompile Include="..\..\dragonBones\model\DragonBonesData.cpp">
      <Filter>Source Files</Filter>
    </ClCompile>
    <ClCompile Include="..\..\dragonBones\model\FrameData.cpp">
      <Filter>Source Files</Filter>
    </ClCompile>
    <ClCompile Include="..\..\dragonBones\model\TimelineData.cpp">
      <Filter>Source Files</Filter>
    </ClCompile>
    <ClCompile Include="..\..\dragonBones\parsers\DataParser.cpp">
      <Filter>Source Files</Filter>
    </ClCompile>
    <ClCompile Include="..\..\dragonBones\parsers\JSONDataParser.cpp">
      <Filter>Source Files</Filter>
    </ClCompile>
    <ClCompile Include="..\..\dragonBones\textures\TextureData.cpp">
      <Filter>Source Files</Filter>
    </ClCompile>
  </ItemGroup>
  <ItemGroup>
    <ClInclude Include="..\..\dragonBones\animation\Animation.h">
      <Filter>Header Files</Filter>
    </ClInclude>
    <ClInclude Include="..\..\dragonBones\model\AnimationData.h">
      <Filter>Header Files</Filter>
    </ClInclude>
    <ClInclude Include="..\..\dragonBones\animation\AnimationState.h">
      <Filter>Header Files</Filter>
    </ClInclude>
    <ClInclude Include="..\..\dragonBones\armature\Armature.h">
      <Filter>Header Files</Filter>
    </ClInclude>
    <ClInclude Include="..\..\dragonBones\model\ArmatureData.h">
      <Filter>Header Files</Filter>
    </ClInclude>
    <ClInclude Include="..\..\dragonBones\factories\BaseFactory.h">
      <Filter>Header Files</Filter>
    </ClInclude>
    <ClInclude Include="..\..\dragonBones\core\BaseObject.h">
      <Filter>Header Files</Filter>
    </ClInclude>
    <ClInclude Include="..\..\dragonBones\animation\BaseTimelineState.h">
      <Filter>Header Files</Filter>
    </ClInclude>
    <ClInclude Include="..\..\dragonBones\armature\Bone.h">
      <Filter>Header Files</Filter>
    </ClInclude>
    <ClInclude Include="..\..\dragonBones\CCArmatureDisplay.h">
      <Filter>Header Files</Filter>
    </ClInclude>
    <ClInclude Include="..\..\dragonBones\CCDragonBonesHeaders.h">
      <Filter>Header Files</Filter>
    </ClInclude>
    <ClInclude Include="..\..\dragonBones\CCFactory.h">
      <Filter>Header Files</Filter>
    </ClInclude>
    <ClInclude Include="..\..\dragonBones\CCSlot.h">
      <Filter>Header Files</Filter>
    </ClInclude>
    <ClInclude Include="..\..\dragonBones\CCTextureData.h">
      <Filter>Header Files</Filter>
    </ClInclude>
    <ClInclude Include="..\..\dragonBones\geom\ColorTransform.h">
      <Filter>Header Files</Filter>
    </ClInclude>
    <ClInclude Include="..\..\dragonBones\parsers\DataParser.h">
      <Filter>Header Files</Filter>
    </ClInclude>
    <ClInclude Include="..\..\dragonBones\core\DragonBones.h">
      <Filter>Header Files</Filter>
    </ClInclude>
    <ClInclude Include="..\..\dragonBones\model\DragonBonesData.h">
      <Filter>Header Files</Filter>
    </ClInclude>
    <ClInclude Include="..\..\dragonBones\DragonBonesHeaders.h">
      <Filter>Header Files</Filter>
    </ClInclude>
    <ClInclude Include="..\..\dragonBones\events\EventObject.h">
      <Filter>Header Files</Filter>
    </ClInclude>
    <ClInclude Include="..\..\dragonBones\model\FrameData.h">
      <Filter>Header Files</Filter>
    </ClInclude>
    <ClInclude Include="..\..\dragonBones\animation\IAnimateble.h">
      <Filter>Header Files</Filter>
    </ClInclude>
    <ClInclude Include="..\..\dragonBones\armature\IArmatureDisplay.h">
      <Filter>Header Files</Filter>
    </ClInclude>
    <ClInclude Include="..\..\dragonBones\parsers\JSONDataParser.h">
      <Filter>Header Files</Filter>
    </ClInclude>
    <ClInclude Include="..\..\dragonBones\geom\Matrix.h">
      <Filter>Header Files</Filter>
    </ClInclude>
    <ClInclude Include="..\..\dragonBones\geom\Point.h">
      <Filter>Header Files</Filter>
    </ClInclude>
    <ClInclude Include="..\..\dragonBones\geom\Rectangle.h">
      <Filter>Header Files</Filter>
    </ClInclude>
    <ClInclude Include="..\..\dragonBones\armature\Slot.h">
      <Filter>Header Files</Filter>
    </ClInclude>
    <ClInclude Include="..\..\dragonBones\textures\TextureData.h">
      <Filter>Header Files</Filter>
    </ClInclude>
    <ClInclude Include="..\..\dragonBones\model\TimelineData.h">
      <Filter>Header Files</Filter>
    </ClInclude>
    <ClInclude Include="..\..\dragonBones\animation\TimelineState.h">
      <Filter>Header Files</Filter>
    </ClInclude>
    <ClInclude Include="..\..\dragonBones\geom\Transform.h">
      <Filter>Header Files</Filter>
    </ClInclude>
    <ClInclude Include="..\..\dragonBones\armature\TransformObject.h">
      <Filter>Header Files</Filter>
    </ClInclude>
    <ClInclude Include="..\..\dragonBones\animation\WorldClock.h">
      <Filter>Header Files</Filter>
    </ClInclude>
  </ItemGroup>
</Project>